// !$*UTF8*$!
{
	archiveVersion = 1;
	classes = {
	};
	objectVersion = 50;
	objects = {

/* Begin PBXBuildFile section */
		4E34696821A8F1B7007673B7 /* WithdrawVC.swift in Sources */ = {isa = PBXBuildFile; fileRef = 4E34696721A8F1B7007673B7 /* WithdrawVC.swift */; };
		4E394E4D219A98E100F5815E /* OrgDetails.swift in Sources */ = {isa = PBXBuildFile; fileRef = 4E394E4C219A98E100F5815E /* OrgDetails.swift */; };
		4E394E4F219A992500F5815E /* Organizations.swift in Sources */ = {isa = PBXBuildFile; fileRef = 4E394E4E219A992500F5815E /* Organizations.swift */; };
		4E6F4A9E2166FFAE00CD45D3 /* ListOfOrgsVC.swift in Sources */ = {isa = PBXBuildFile; fileRef = 4E6F4A9D2166FFAE00CD45D3 /* ListOfOrgsVC.swift */; };
		4E98E30121517BEE0091F8D6 /* AppDelegate.swift in Sources */ = {isa = PBXBuildFile; fileRef = 4E98E30021517BEE0091F8D6 /* AppDelegate.swift */; };
		4E98E30321517BEE0091F8D6 /* ViewController.swift in Sources */ = {isa = PBXBuildFile; fileRef = 4E98E30221517BEE0091F8D6 /* ViewController.swift */; };
		4E98E30621517BEE0091F8D6 /* Main.storyboard in Resources */ = {isa = PBXBuildFile; fileRef = 4E98E30421517BEE0091F8D6 /* Main.storyboard */; };
		4E98E30921517BEE0091F8D6 /* STOtrack.xcdatamodeld in Sources */ = {isa = PBXBuildFile; fileRef = 4E98E30721517BEE0091F8D6 /* STOtrack.xcdatamodeld */; };
		4E98E30B21517BF40091F8D6 /* Assets.xcassets in Resources */ = {isa = PBXBuildFile; fileRef = 4E98E30A21517BF40091F8D6 /* Assets.xcassets */; };
		4E98E30E21517BF40091F8D6 /* LaunchScreen.storyboard in Resources */ = {isa = PBXBuildFile; fileRef = 4E98E30C21517BF40091F8D6 /* LaunchScreen.storyboard */; };
		4E98E31B2151A58A0091F8D6 /* OrgPageVC.swift in Sources */ = {isa = PBXBuildFile; fileRef = 4E98E31A2151A58A0091F8D6 /* OrgPageVC.swift */; };
		4E98E31D2151A8130091F8D6 /* ListOrgsVC.swift in Sources */ = {isa = PBXBuildFile; fileRef = 4E98E31C2151A8130091F8D6 /* ListOrgsVC.swift */; };
		4E98E31F2151ACB20091F8D6 /* DISC Orgs.swift in Sources */ = {isa = PBXBuildFile; fileRef = 4E98E31E2151ACB20091F8D6 /* DISC Orgs.swift */; };
		4E98E32321523F300091F8D6 /* LogInVC.swift in Sources */ = {isa = PBXBuildFile; fileRef = 4E98E32221523F300091F8D6 /* LogInVC.swift */; };
		4E98E32521523F4D0091F8D6 /* HomeVC.swift in Sources */ = {isa = PBXBuildFile; fileRef = 4E98E32421523F4D0091F8D6 /* HomeVC.swift */; };
		4E98E32721523F6E0091F8D6 /* FundingRequestVC.swift in Sources */ = {isa = PBXBuildFile; fileRef = 4E98E32621523F6E0091F8D6 /* FundingRequestVC.swift */; };
		4E98E3292152A2500091F8D6 /* DepositVC.swift in Sources */ = {isa = PBXBuildFile; fileRef = 4E98E3282152A2500091F8D6 /* DepositVC.swift */; };
		4E98E32B2152B08E0091F8D6 /* OrgInformation.swift in Sources */ = {isa = PBXBuildFile; fileRef = 4E98E32A2152B08E0091F8D6 /* OrgInformation.swift */; };
		C2B3BA6295E01138BD3D0991 /* Pods_STOtrack.framework in Frameworks */ = {isa = PBXBuildFile; fileRef = EC7AB4F323F4281079ADA234 /* Pods_STOtrack.framework */; };
/* End PBXBuildFile section */

/* Begin PBXFileReference section */
		15CA56FD20243FCF57828773 /* Pods-STOtrack.debug.xcconfig */ = {isa = PBXFileReference; includeInIndex = 1; lastKnownFileType = text.xcconfig; name = "Pods-STOtrack.debug.xcconfig"; path = "Pods/Target Support Files/Pods-STOtrack/Pods-STOtrack.debug.xcconfig"; sourceTree = "<group>"; };
		4E34696721A8F1B7007673B7 /* WithdrawVC.swift */ = {isa = PBXFileReference; lastKnownFileType = sourcecode.swift; path = WithdrawVC.swift; sourceTree = "<group>"; };
		4E394E4C219A98E100F5815E /* OrgDetails.swift */ = {isa = PBXFileReference; lastKnownFileType = sourcecode.swift; path = OrgDetails.swift; sourceTree = "<group>"; };
		4E394E4E219A992500F5815E /* Organizations.swift */ = {isa = PBXFileReference; lastKnownFileType = sourcecode.swift; path = Organizations.swift; sourceTree = "<group>"; };
		4E6F4A9D2166FFAE00CD45D3 /* ListOfOrgsVC.swift */ = {isa = PBXFileReference; lastKnownFileType = sourcecode.swift; path = ListOfOrgsVC.swift; sourceTree = "<group>"; };
		4E98E2FD21517BEE0091F8D6 /* STOtrack.app */ = {isa = PBXFileReference; explicitFileType = wrapper.application; includeInIndex = 0; path = STOtrack.app; sourceTree = BUILT_PRODUCTS_DIR; };
		4E98E30021517BEE0091F8D6 /* AppDelegate.swift */ = {isa = PBXFileReference; lastKnownFileType = sourcecode.swift; path = AppDelegate.swift; sourceTree = "<group>"; };
		4E98E30221517BEE0091F8D6 /* ViewController.swift */ = {isa = PBXFileReference; lastKnownFileType = sourcecode.swift; path = ViewController.swift; sourceTree = "<group>"; };
		4E98E30521517BEE0091F8D6 /* Base */ = {isa = PBXFileReference; lastKnownFileType = file.storyboard; name = Base; path = Base.lproj/Main.storyboard; sourceTree = "<group>"; };
		4E98E30821517BEE0091F8D6 /* STOtrack.xcdatamodel */ = {isa = PBXFileReference; lastKnownFileType = wrapper.xcdatamodel; path = STOtrack.xcdatamodel; sourceTree = "<group>"; };
		4E98E30A21517BF40091F8D6 /* Assets.xcassets */ = {isa = PBXFileReference; lastKnownFileType = folder.assetcatalog; path = Assets.xcassets; sourceTree = "<group>"; };
		4E98E30D21517BF40091F8D6 /* Base */ = {isa = PBXFileReference; lastKnownFileType = file.storyboard; name = Base; path = Base.lproj/LaunchScreen.storyboard; sourceTree = "<group>"; };
		4E98E30F21517BF40091F8D6 /* Info.plist */ = {isa = PBXFileReference; lastKnownFileType = text.plist.xml; path = Info.plist; sourceTree = "<group>"; };
		4E98E31A2151A58A0091F8D6 /* OrgPageVC.swift */ = {isa = PBXFileReference; lastKnownFileType = sourcecode.swift; path = OrgPageVC.swift; sourceTree = "<group>"; };
		4E98E31C2151A8130091F8D6 /* ListOrgsVC.swift */ = {isa = PBXFileReference; lastKnownFileType = sourcecode.swift; path = ListOrgsVC.swift; sourceTree = "<group>"; };
		4E98E31E2151ACB20091F8D6 /* DISC Orgs.swift */ = {isa = PBXFileReference; lastKnownFileType = sourcecode.swift; path = "DISC Orgs.swift"; sourceTree = "<group>"; };
		4E98E32221523F300091F8D6 /* LogInVC.swift */ = {isa = PBXFileReference; lastKnownFileType = sourcecode.swift; path = LogInVC.swift; sourceTree = "<group>"; };
		4E98E32421523F4D0091F8D6 /* HomeVC.swift */ = {isa = PBXFileReference; lastKnownFileType = sourcecode.swift; path = HomeVC.swift; sourceTree = "<group>"; };
		4E98E32621523F6E0091F8D6 /* FundingRequestVC.swift */ = {isa = PBXFileReference; lastKnownFileType = sourcecode.swift; path = FundingRequestVC.swift; sourceTree = "<group>"; };
		4E98E3282152A2500091F8D6 /* DepositVC.swift */ = {isa = PBXFileReference; lastKnownFileType = sourcecode.swift; path = DepositVC.swift; sourceTree = "<group>"; };
		4E98E32A2152B08E0091F8D6 /* OrgInformation.swift */ = {isa = PBXFileReference; lastKnownFileType = sourcecode.swift; path = OrgInformation.swift; sourceTree = "<group>"; };
		7266F290D9A92A6F0013A196 /* Pods-STOtrack.release.xcconfig */ = {isa = PBXFileReference; includeInIndex = 1; lastKnownFileType = text.xcconfig; name = "Pods-STOtrack.release.xcconfig"; path = "Pods/Target Support Files/Pods-STOtrack/Pods-STOtrack.release.xcconfig"; sourceTree = "<group>"; };
		EC7AB4F323F4281079ADA234 /* Pods_STOtrack.framework */ = {isa = PBXFileReference; explicitFileType = wrapper.framework; includeInIndex = 0; path = Pods_STOtrack.framework; sourceTree = BUILT_PRODUCTS_DIR; };
/* End PBXFileReference section */

/* Begin PBXFrameworksBuildPhase section */
		4E98E2FA21517BEE0091F8D6 /* Frameworks */ = {
			isa = PBXFrameworksBuildPhase;
			buildActionMask = 2147483647;
			files = (
				C2B3BA6295E01138BD3D0991 /* Pods_STOtrack.framework in Frameworks */,
			);
			runOnlyForDeploymentPostprocessing = 0;
		};
/* End PBXFrameworksBuildPhase section */

/* Begin PBXGroup section */
		1B1C1CE0C5A4DFAD688CD2F9 /* Pods */ = {
			isa = PBXGroup;
			children = (
				15CA56FD20243FCF57828773 /* Pods-STOtrack.debug.xcconfig */,
				7266F290D9A92A6F0013A196 /* Pods-STOtrack.release.xcconfig */,
			);
			name = Pods;
			sourceTree = "<group>";
		};
		455801B62C45F135BD5CA677 /* Frameworks */ = {
			isa = PBXGroup;
			children = (
				EC7AB4F323F4281079ADA234 /* Pods_STOtrack.framework */,
			);
			name = Frameworks;
			sourceTree = "<group>";
		};
		4E98E2F421517BED0091F8D6 = {
			isa = PBXGroup;
			children = (
				4E98E2FF21517BEE0091F8D6 /* STOtrack */,
				4E98E2FE21517BEE0091F8D6 /* Products */,
				1B1C1CE0C5A4DFAD688CD2F9 /* Pods */,
				455801B62C45F135BD5CA677 /* Frameworks */,
			);
			sourceTree = "<group>";
		};
		4E98E2FE21517BEE0091F8D6 /* Products */ = {
			isa = PBXGroup;
			children = (
				4E98E2FD21517BEE0091F8D6 /* STOtrack.app */,
			);
			name = Products;
			sourceTree = "<group>";
		};
		4E98E2FF21517BEE0091F8D6 /* STOtrack */ = {
			isa = PBXGroup;
			children = (
				4E98E31921518C2D0091F8D6 /* Controllers */,
				4E98E31821518C160091F8D6 /* View */,
				4E98E31521518BFE0091F8D6 /* Model */,
				4E98E30F21517BF40091F8D6 /* Info.plist */,
				4E98E30721517BEE0091F8D6 /* STOtrack.xcdatamodeld */,
			);
			path = STOtrack;
			sourceTree = "<group>";
		};
		4E98E31521518BFE0091F8D6 /* Model */ = {
			isa = PBXGroup;
			children = (
				4E394E4C219A98E100F5815E /* OrgDetails.swift */,
				4E394E4E219A992500F5815E /* Organizations.swift */,
				4E98E32A2152B08E0091F8D6 /* OrgInformation.swift */,
			);
			path = Model;
			sourceTree = "<group>";
		};
		4E98E31821518C160091F8D6 /* View */ = {
			isa = PBXGroup;
			children = (
				4E98E30A21517BF40091F8D6 /* Assets.xcassets */,
				4E98E30421517BEE0091F8D6 /* Main.storyboard */,
				4E98E30C21517BF40091F8D6 /* LaunchScreen.storyboard */,
			);
			path = View;
			sourceTree = "<group>";
		};
		4E98E31921518C2D0091F8D6 /* Controllers */ = {
			isa = PBXGroup;
			children = (
				4E98E32121523F040091F8D6 /* DISC Org Members */,
				4E98E32021523EFB0091F8D6 /* DISC Execs */,
				4E98E30221517BEE0091F8D6 /* ViewController.swift */,
				4E34696721A8F1B7007673B7 /* WithdrawVC.swift */,
				4E98E31C2151A8130091F8D6 /* ListOrgsVC.swift */,
				4E98E31E2151ACB20091F8D6 /* DISC Orgs.swift */,
				4E98E31A2151A58A0091F8D6 /* OrgPageVC.swift */,
				4E98E3282152A2500091F8D6 /* DepositVC.swift */,
				4E98E30021517BEE0091F8D6 /* AppDelegate.swift */,
				4E6F4A9D2166FFAE00CD45D3 /* ListOfOrgsVC.swift */,
			);
			path = Controllers;
			sourceTree = "<group>";
		};
		4E98E32021523EFB0091F8D6 /* DISC Execs */ = {
			isa = PBXGroup;
			children = (
			);
			path = "DISC Execs";
			sourceTree = "<group>";
		};
		4E98E32121523F040091F8D6 /* DISC Org Members */ = {
			isa = PBXGroup;
			children = (
				4E98E32221523F300091F8D6 /* LogInVC.swift */,
				4E98E32421523F4D0091F8D6 /* HomeVC.swift */,
				4E98E32621523F6E0091F8D6 /* FundingRequestVC.swift */,
			);
			path = "DISC Org Members";
			sourceTree = "<group>";
		};
/* End PBXGroup section */

/* Begin PBXNativeTarget section */
		4E98E2FC21517BEE0091F8D6 /* STOtrack */ = {
			isa = PBXNativeTarget;
			buildConfigurationList = 4E98E31221517BF50091F8D6 /* Build configuration list for PBXNativeTarget "STOtrack" */;
			buildPhases = (
				0CDEE94F5F6916CC0772C1B5 /* [CP] Check Pods Manifest.lock */,
				4E98E2F921517BEE0091F8D6 /* Sources */,
				4E98E2FA21517BEE0091F8D6 /* Frameworks */,
				4E98E2FB21517BEE0091F8D6 /* Resources */,
				ABD27AE15B447A85C8BFDB9F /* [CP] Embed Pods Frameworks */,
			);
			buildRules = (
			);
			dependencies = (
			);
			name = STOtrack;
			productName = STOtrack;
			productReference = 4E98E2FD21517BEE0091F8D6 /* STOtrack.app */;
			productType = "com.apple.product-type.application";
		};
/* End PBXNativeTarget section */

/* Begin PBXProject section */
		4E98E2F521517BED0091F8D6 /* Project object */ = {
			isa = PBXProject;
			attributes = {
				LastSwiftUpdateCheck = 0940;
				LastUpgradeCheck = 0940;
				ORGANIZATIONNAME = "Norman Buruchara";
				TargetAttributes = {
					4E98E2FC21517BEE0091F8D6 = {
						CreatedOnToolsVersion = 9.4.1;
					};
				};
			};
			buildConfigurationList = 4E98E2F821517BED0091F8D6 /* Build configuration list for PBXProject "STOtrack" */;
			compatibilityVersion = "Xcode 9.3";
			developmentRegion = en;
			hasScannedForEncodings = 0;
			knownRegions = (
				en,
				Base,
			);
			mainGroup = 4E98E2F421517BED0091F8D6;
			productRefGroup = 4E98E2FE21517BEE0091F8D6 /* Products */;
			projectDirPath = "";
			projectRoot = "";
			targets = (
				4E98E2FC21517BEE0091F8D6 /* STOtrack */,
			);
		};
/* End PBXProject section */

/* Begin PBXResourcesBuildPhase section */
		4E98E2FB21517BEE0091F8D6 /* Resources */ = {
			isa = PBXResourcesBuildPhase;
			buildActionMask = 2147483647;
			files = (
				4E98E30E21517BF40091F8D6 /* LaunchScreen.storyboard in Resources */,
				4E98E30B21517BF40091F8D6 /* Assets.xcassets in Resources */,
				4E98E30621517BEE0091F8D6 /* Main.storyboard in Resources */,
			);
			runOnlyForDeploymentPostprocessing = 0;
		};
/* End PBXResourcesBuildPhase section */

/* Begin PBXShellScriptBuildPhase section */
		0CDEE94F5F6916CC0772C1B5 /* [CP] Check Pods Manifest.lock */ = {
			isa = PBXShellScriptBuildPhase;
			buildActionMask = 2147483647;
			files = (
			);
			inputPaths = (
				"${PODS_PODFILE_DIR_PATH}/Podfile.lock",
				"${PODS_ROOT}/Manifest.lock",
			);
			name = "[CP] Check Pods Manifest.lock";
			outputPaths = (
				"$(DERIVED_FILE_DIR)/Pods-STOtrack-checkManifestLockResult.txt",
			);
			runOnlyForDeploymentPostprocessing = 0;
			shellPath = /bin/sh;
			shellScript = "diff \"${PODS_PODFILE_DIR_PATH}/Podfile.lock\" \"${PODS_ROOT}/Manifest.lock\" > /dev/null\nif [ $? != 0 ] ; then\n    # print error to STDERR\n    echo \"error: The sandbox is not in sync with the Podfile.lock. Run 'pod install' or update your CocoaPods installation.\" >&2\n    exit 1\nfi\n# This output is used by Xcode 'outputs' to avoid re-running this script phase.\necho \"SUCCESS\" > \"${SCRIPT_OUTPUT_FILE_0}\"\n";
			showEnvVarsInLog = 0;
		};
		ABD27AE15B447A85C8BFDB9F /* [CP] Embed Pods Frameworks */ = {
			isa = PBXShellScriptBuildPhase;
			buildActionMask = 2147483647;
			files = (
			);
			inputPaths = (
				"${SRCROOT}/Pods/Target Support Files/Pods-STOtrack/Pods-STOtrack-frameworks.sh",
				"${BUILT_PRODUCTS_DIR}/Realm/Realm.framework",
				"${BUILT_PRODUCTS_DIR}/RealmSwift/RealmSwift.framework",
			);
			name = "[CP] Embed Pods Frameworks";
			outputPaths = (
				"${TARGET_BUILD_DIR}/${FRAMEWORKS_FOLDER_PATH}/Realm.framework",
				"${TARGET_BUILD_DIR}/${FRAMEWORKS_FOLDER_PATH}/RealmSwift.framework",
			);
			runOnlyForDeploymentPostprocessing = 0;
			shellPath = /bin/sh;
			shellScript = "\"${SRCROOT}/Pods/Target Support Files/Pods-STOtrack/Pods-STOtrack-frameworks.sh\"\n";
			showEnvVarsInLog = 0;
		};
/* End PBXShellScriptBuildPhase section */

/* Begin PBXSourcesBuildPhase section */
		4E98E2F921517BEE0091F8D6 /* Sources */ = {
			isa = PBXSourcesBuildPhase;
			buildActionMask = 2147483647;
			files = (
				4E34696821A8F1B7007673B7 /* WithdrawVC.swift in Sources */,
				4E98E31F2151ACB20091F8D6 /* DISC Orgs.swift in Sources */,
				4E98E32521523F4D0091F8D6 /* HomeVC.swift in Sources */,
				4E394E4F219A992500F5815E /* Organizations.swift in Sources */,
				4E98E31B2151A58A0091F8D6 /* OrgPageVC.swift in Sources */,
				4E98E30321517BEE0091F8D6 /* ViewController.swift in Sources */,
				4E98E32321523F300091F8D6 /* LogInVC.swift in Sources */,
				4E98E32721523F6E0091F8D6 /* FundingRequestVC.swift in Sources */,
				4E6F4A9E2166FFAE00CD45D3 /* ListOfOrgsVC.swift in Sources */,
				4E98E30121517BEE0091F8D6 /* AppDelegate.swift in Sources */,
				4E98E30921517BEE0091F8D6 /* STOtrack.xcdatamodeld in Sources */,
				4E98E32B2152B08E0091F8D6 /* OrgInformation.swift in Sources */,
				4E98E31D2151A8130091F8D6 /* ListOrgsVC.swift in Sources */,
				4E98E3292152A2500091F8D6 /* DepositVC.swift in Sources */,
				4E394E4D219A98E100F5815E /* OrgDetails.swift in Sources */,
			);
			runOnlyForDeploymentPostprocessing = 0;
		};
/* End PBXSourcesBuildPhase section */

/* Begin PBXVariantGroup section */
		4E98E30421517BEE0091F8D6 /* Main.storyboard */ = {
			isa = PBXVariantGroup;
			children = (
				4E98E30521517BEE0091F8D6 /* Base */,
			);
			name = Main.storyboard;
			sourceTree = "<group>";
		};
		4E98E30C21517BF40091F8D6 /* LaunchScreen.storyboard */ = {
			isa = PBXVariantGroup;
			children = (
				4E98E30D21517BF40091F8D6 /* Base */,
			);
			name = LaunchScreen.storyboard;
			sourceTree = "<group>";
		};
/* End PBXVariantGroup section */

/* Begin XCBuildConfiguration section */
		4E98E31021517BF40091F8D6 /* Debug */ = {
			isa = XCBuildConfiguration;
			buildSettings = {
				ALWAYS_SEARCH_USER_PATHS = NO;
				CLANG_ANALYZER_NONNULL = YES;
				CLANG_ANALYZER_NUMBER_OBJECT_CONVERSION = YES_AGGRESSIVE;
				CLANG_CXX_LANGUAGE_STANDARD = "gnu++14";
				CLANG_CXX_LIBRARY = "libc++";
				CLANG_ENABLE_MODULES = YES;
				CLANG_ENABLE_OBJC_ARC = YES;
				CLANG_ENABLE_OBJC_WEAK = YES;
				CLANG_WARN_BLOCK_CAPTURE_AUTORELEASING = YES;
				CLANG_WARN_BOOL_CONVERSION = YES;
				CLANG_WARN_COMMA = YES;
				CLANG_WARN_CONSTANT_CONVERSION = YES;
				CLANG_WARN_DEPRECATED_OBJC_IMPLEMENTATIONS = YES;
				CLANG_WARN_DIRECT_OBJC_ISA_USAGE = YES_ERROR;
				CLANG_WARN_DOCUMENTATION_COMMENTS = YES;
				CLANG_WARN_EMPTY_BODY = YES;
				CLANG_WARN_ENUM_CONVERSION = YES;
				CLANG_WARN_INFINITE_RECURSION = YES;
				CLANG_WARN_INT_CONVERSION = YES;
				CLANG_WARN_NON_LITERAL_NULL_CONVERSION = YES;
				CLANG_WARN_OBJC_IMPLICIT_RETAIN_SELF = YES;
				CLANG_WARN_OBJC_LITERAL_CONVERSION = YES;
				CLANG_WARN_OBJC_ROOT_CLASS = YES_ERROR;
				CLANG_WARN_RANGE_LOOP_ANALYSIS = YES;
				CLANG_WARN_STRICT_PROTOTYPES = YES;
				CLANG_WARN_SUSPICIOUS_MOVE = YES;
				CLANG_WARN_UNGUARDED_AVAILABILITY = YES_AGGRESSIVE;
				CLANG_WARN_UNREACHABLE_CODE = YES;
				CLANG_WARN__DUPLICATE_METHOD_MATCH = YES;
				CODE_SIGN_IDENTITY = "iPhone Developer";
				COPY_PHASE_STRIP = NO;
				DEBUG_INFORMATION_FORMAT = dwarf;
				ENABLE_STRICT_OBJC_MSGSEND = YES;
				ENABLE_TESTABILITY = YES;
				GCC_C_LANGUAGE_STANDARD = gnu11;
				GCC_DYNAMIC_NO_PIC = NO;
				GCC_NO_COMMON_BLOCKS = YES;
				GCC_OPTIMIZATION_LEVEL = 0;
				GCC_PREPROCESSOR_DEFINITIONS = (
					"DEBUG=1",
					"$(inherited)",
				);
				GCC_WARN_64_TO_32_BIT_CONVERSION = YES;
				GCC_WARN_ABOUT_RETURN_TYPE = YES_ERROR;
				GCC_WARN_UNDECLARED_SELECTOR = YES;
				GCC_WARN_UNINITIALIZED_AUTOS = YES_AGGRESSIVE;
				GCC_WARN_UNUSED_FUNCTION = YES;
				GCC_WARN_UNUSED_VARIABLE = YES;
				IPHONEOS_DEPLOYMENT_TARGET = 11.4;
				MTL_ENABLE_DEBUG_INFO = YES;
				ONLY_ACTIVE_ARCH = YES;
				SDKROOT = iphoneos;
				SWIFT_ACTIVE_COMPILATION_CONDITIONS = DEBUG;
				SWIFT_OPTIMIZATION_LEVEL = "-Onone";
			};
			name = Debug;
		};
		4E98E31121517BF40091F8D6 /* Release */ = {
			isa = XCBuildConfiguration;
			buildSettings = {
				ALWAYS_SEARCH_USER_PATHS = NO;
				CLANG_ANALYZER_NONNULL = YES;
				CLANG_ANALYZER_NUMBER_OBJECT_CONVERSION = YES_AGGRESSIVE;
				CLANG_CXX_LANGUAGE_STANDARD = "gnu++14";
				CLANG_CXX_LIBRARY = "libc++";
				CLANG_ENABLE_MODULES = YES;
				CLANG_ENABLE_OBJC_ARC = YES;
				CLANG_ENABLE_OBJC_WEAK = YES;
				CLANG_WARN_BLOCK_CAPTURE_AUTORELEASING = YES;
				CLANG_WARN_BOOL_CONVERSION = YES;
				CLANG_WARN_COMMA = YES;
				CLANG_WARN_CONSTANT_CONVERSION = YES;
				CLANG_WARN_DEPRECATED_OBJC_IMPLEMENTATIONS = YES;
				CLANG_WARN_DIRECT_OBJC_ISA_USAGE = YES_ERROR;
				CLANG_WARN_DOCUMENTATION_COMMENTS = YES;
				CLANG_WARN_EMPTY_BODY = YES;
				CLANG_WARN_ENUM_CONVERSION = YES;
				CLANG_WARN_INFINITE_RECURSION = YES;
				CLANG_WARN_INT_CONVERSION = YES;
				CLANG_WARN_NON_LITERAL_NULL_CONVERSION = YES;
				CLANG_WARN_OBJC_IMPLICIT_RETAIN_SELF = YES;
				CLANG_WARN_OBJC_LITERAL_CONVERSION = YES;
				CLANG_WARN_OBJC_ROOT_CLASS = YES_ERROR;
				CLANG_WARN_RANGE_LOOP_ANALYSIS = YES;
				CLANG_WARN_STRICT_PROTOTYPES = YES;
				CLANG_WARN_SUSPICIOUS_MOVE = YES;
				CLANG_WARN_UNGUARDED_AVAILABILITY = YES_AGGRESSIVE;
				CLANG_WARN_UNREACHABLE_CODE = YES;
				CLANG_WARN__DUPLICATE_METHOD_MATCH = YES;
				CODE_SIGN_IDENTITY = "iPhone Developer";
				COPY_PHASE_STRIP = NO;
				DEBUG_INFORMATION_FORMAT = "dwarf-with-dsym";
				ENABLE_NS_ASSERTIONS = NO;
				ENABLE_STRICT_OBJC_MSGSEND = YES;
				GCC_C_LANGUAGE_STANDARD = gnu11;
				GCC_NO_COMMON_BLOCKS = YES;
				GCC_WARN_64_TO_32_BIT_CONVERSION = YES;
				GCC_WARN_ABOUT_RETURN_TYPE = YES_ERROR;
				GCC_WARN_UNDECLARED_SELECTOR = YES;
				GCC_WARN_UNINITIALIZED_AUTOS = YES_AGGRESSIVE;
				GCC_WARN_UNUSED_FUNCTION = YES;
				GCC_WARN_UNUSED_VARIABLE = YES;
				IPHONEOS_DEPLOYMENT_TARGET = 11.4;
				MTL_ENABLE_DEBUG_INFO = NO;
				SDKROOT = iphoneos;
				SWIFT_COMPILATION_MODE = wholemodule;
				SWIFT_OPTIMIZATION_LEVEL = "-O";
				VALIDATE_PRODUCT = YES;
			};
			name = Release;
		};
		4E98E31321517BF50091F8D6 /* Debug */ = {
			isa = XCBuildConfiguration;
			baseConfigurationReference = 15CA56FD20243FCF57828773 /* Pods-STOtrack.debug.xcconfig */;
			buildSettings = {
				ASSETCATALOG_COMPILER_APPICON_NAME = AppIcon;
				CODE_SIGN_STYLE = Automatic;
				DEVELOPMENT_TEAM = CR9Y442P54;
				INFOPLIST_FILE = STOtrack/Info.plist;
				LD_RUNPATH_SEARCH_PATHS = (
					"$(inherited)",
					"@executable_path/Frameworks",
				);
				PRODUCT_BUNDLE_IDENTIFIER = com.nburuchara.STOtrack;
				PRODUCT_NAME = "$(TARGET_NAME)";
				SWIFT_VERSION = 4.0;
				TARGETED_DEVICE_FAMILY = "1,2";
			};
			name = Debug;
		};
		4E98E31421517BF50091F8D6 /* Release */ = {
			isa = XCBuildConfiguration;
			baseConfigurationReference = 7266F290D9A92A6F0013A196 /* Pods-STOtrack.release.xcconfig */;
			buildSettings = {
				ASSETCATALOG_COMPILER_APPICON_NAME = AppIcon;
				CODE_SIGN_STYLE = Automatic;
				DEVELOPMENT_TEAM = CR9Y442P54;
				INFOPLIST_FILE = STOtrack/Info.plist;
				LD_RUNPATH_SEARCH_PATHS = (
					"$(inherited)",
					"@executable_path/Frameworks",
				);
				PRODUCT_BUNDLE_IDENTIFIER = com.nburuchara.STOtrack;
				PRODUCT_NAME = "$(TARGET_NAME)";
				SWIFT_VERSION = 4.0;
				TARGETED_DEVICE_FAMILY = "1,2";
			};
			name = Release;
		};
/* End XCBuildConfiguration section */

/* Begin XCConfigurationList section */
		4E98E2F821517BED0091F8D6 /* Build configuration list for PBXProject "STOtrack" */ = {
			isa = XCConfigurationList;
			buildConfigurations = (
				4E98E31021517BF40091F8D6 /* Debug */,
				4E98E31121517BF40091F8D6 /* Release */,
			);
			defaultConfigurationIsVisible = 0;
			defaultConfigurationName = Release;
		};
		4E98E31221517BF50091F8D6 /* Build configuration list for PBXNativeTarget "STOtrack" */ = {
			isa = XCConfigurationList;
			buildConfigurations = (
				4E98E31321517BF50091F8D6 /* Debug */,
				4E98E31421517BF50091F8D6 /* Release */,
			);
			defaultConfigurationIsVisible = 0;
			defaultConfigurationName = Release;
		};
/* End XCConfigurationList section */

/* Begin XCVersionGroup section */
		4E98E30721517BEE0091F8D6 /* STOtrack.xcdatamodeld */ = {
			isa = XCVersionGroup;
			children = (
				4E98E30821517BEE0091F8D6 /* STOtrack.xcdatamodel */,
			);
			currentVersion = 4E98E30821517BEE0091F8D6 /* STOtrack.xcdatamodel */;
			path = STOtrack.xcdatamodeld;
			sourceTree = "<group>";
			versionGroupType = wrapper.xcdatamodel;
		};
/* End XCVersionGroup section */
	};
	rootObject = 4E98E2F521517BED0091F8D6 /* Project object */;
}
